
Microsoft Visual Studio Solution File, Format Version 12.00
# Visual Studio 2013
VisualStudioVersion = 12.0.21005.1
MinimumVisualStudioVersion = 10.0.40219.1
Project("{2150E333-8FDC-42A3-9474-1A3956D46DE8}") = "Solution Items", "Solution Items", "{0DD755F4-7DEB-4C9E-9D3F-B5C58CC3866D}"
	ProjectSection(SolutionItems) = preProject
		..\..\GlobalVariables.props = ..\..\GlobalVariables.props
		ProjectSettings.props = ProjectSettings.props
	EndProjectSection
EndProject
Project("{FAE04EC0-301F-11D3-BF4B-00C04F79EFBC}") = "BuildHALWorkbench", "BuildHALWorkbench\BuildHALWorkbench.aeproj", "{2AF633DD-3F96-4308-A217-6D98C5996353}"
EndProject
Global
	GlobalSection(TeamFoundationVersionControl) = preSolution
		SccNumberOfProjects = 2
		SccEnterpriseProvider = {4CA58AB2-18FA-4F8D-95D4-32DDF27D184C}
		SccTeamFoundationServer = https://tfs.audiology-solutions.net/tfs/prod
		SccLocalPath0 = .
		SccProjectUniqueName1 = BuildHALWorkbench\\BuildHALWorkbench.aeproj
		SccProjectName1 = BuildHALWorkbench
		SccLocalPath1 = BuildHALWorkbench
	EndGlobalSection
	GlobalSection(SolutionConfigurationPlatforms) = preSolution
		Debug|Mixed Platforms = Debug|Mixed Platforms
		Debug|x86 = Debug|x86
		Release|Mixed Platforms = Release|Mixed Platforms
		Release|x86 = Release|x86
	EndGlobalSection
	GlobalSection(ProjectConfigurationPlatforms) = postSolution
		{2AF633DD-3F96-4308-A217-6D98C5996353}.Debug|Mixed Platforms.ActiveCfg = Debug|Any CPU
		{2AF633DD-3F96-4308-A217-6D98C5996353}.Debug|Mixed Platforms.Build.0 = Debug|Any CPU
		{2AF633DD-3F96-4308-A217-6D98C5996353}.Debug|x86.ActiveCfg = Debug|Any CPU
		{2AF633DD-3F96-4308-A217-6D98C5996353}.Release|Mixed Platforms.ActiveCfg = Debug|Any CPU
		{2AF633DD-3F96-4308-A217-6D98C5996353}.Release|Mixed Platforms.Build.0 = Debug|Any CPU
		{2AF633DD-3F96-4308-A217-6D98C5996353}.Release|x86.ActiveCfg = Debug|Any CPU
	EndGlobalSection
	GlobalSection(SolutionProperties) = preSolution
		HideSolutionNode = FALSE
	EndGlobalSection
EndGlobal
